
Microsoft Visual Studio Solution File, Format Version 12.00
# Visual Studio Version 17
VisualStudioVersion = 17.6.33815.320
MinimumVisualStudioVersion = 10.0.40219.1
Project("{FAE04EC0-301F-11D3-BF4B-00C04F79EFBC}") = "ProductApi", "ProductApi\ProductApi.csproj", "{16FD0B92-CC8C-4154-9B4B-6704391C78B6}"
EndProject
Global
	GlobalSection(SolutionConfigurationPlatforms) = preSolution
		Debug|Any CPU = Debug|Any CPU
		Release|Any CPU = Release|Any CPU
	EndGlobalSection
	GlobalSection(ProjectConfigurationPlatforms) = postSolution
		{16FD0B92-CC8C-4154-9B4B-6704391C78B6}.Debug|Any CPU.ActiveCfg = Debug|Any CPU
		{16FD0B92-CC8C-4154-9B4B-6704391C78B6}.Debug|Any CPU.Build.0 = Debug|Any CPU
		{16FD0B92-CC8C-4154-9B4B-6704391C78B6}.Release|Any CPU.ActiveCfg = Release|Any CPU
		{16FD0B92-CC8C-4154-9B4B-6704391C78B6}.Release|Any CPU.Build.0 = Release|Any CPU
	EndGlobalSection
	GlobalSection(SolutionProperties) = preSolution
		HideSolutionNode = FALSE
	EndGlobalSection
	GlobalSection(ExtensibilityGlobals) = postSolution
		SolutionGuid = {A9536CC2-E6E5-4353-B804-7863FA71DDA8}
	EndGlobalSection
EndGlobal
